// !$*UTF8*$!
{
	archiveVersion = 1;
	classes = {
	};
	objectVersion = 56;
	objects = {

/* Begin PBXBuildFile section */
		0A1E071929057FB400599D52 /* AppDelegate.swift in Sources */ = {isa = PBXBuildFile; fileRef = 0A1E071829057FB400599D52 /* AppDelegate.swift */; };
		0A1E071B29057FB400599D52 /* SceneDelegate.swift in Sources */ = {isa = PBXBuildFile; fileRef = 0A1E071A29057FB400599D52 /* SceneDelegate.swift */; };
		0A1E071D29057FB400599D52 /* ViewController.swift in Sources */ = {isa = PBXBuildFile; fileRef = 0A1E071C29057FB400599D52 /* ViewController.swift */; };
		0A1E072229057FB600599D52 /* Assets.xcassets in Resources */ = {isa = PBXBuildFile; fileRef = 0A1E072129057FB600599D52 /* Assets.xcassets */; };
		0A1E072529057FB600599D52 /* LaunchScreen.storyboard in Resources */ = {isa = PBXBuildFile; fileRef = 0A1E072329057FB600599D52 /* LaunchScreen.storyboard */; };
		0A1E073029057FB600599D52 /* Design_PatternsTests.swift in Sources */ = {isa = PBXBuildFile; fileRef = 0A1E072F29057FB600599D52 /* Design_PatternsTests.swift */; };
		0A1E073A29057FB600599D52 /* Design_PatternsUITests.swift in Sources */ = {isa = PBXBuildFile; fileRef = 0A1E073929057FB600599D52 /* Design_PatternsUITests.swift */; };
		0A1E073C29057FB600599D52 /* Design_PatternsUITestsLaunchTests.swift in Sources */ = {isa = PBXBuildFile; fileRef = 0A1E073B29057FB600599D52 /* Design_PatternsUITestsLaunchTests.swift */; };
		0A1E074B2905841200599D52 /* Shape.swift in Sources */ = {isa = PBXBuildFile; fileRef = 0A1E074A2905841200599D52 /* Shape.swift */; };
		0A1E074D290584EB00599D52 /* Implements.swift in Sources */ = {isa = PBXBuildFile; fileRef = 0A1E074C290584EB00599D52 /* Implements.swift */; };
		0A1E074F290585A100599D52 /* ShapeFactory.swift in Sources */ = {isa = PBXBuildFile; fileRef = 0A1E074E290585A100599D52 /* ShapeFactory.swift */; };
		0A1E07512905873900599D52 /* FactoryController.swift in Sources */ = {isa = PBXBuildFile; fileRef = 0A1E07502905873900599D52 /* FactoryController.swift */; };
		0A1E0753290587DD00599D52 /* Controllers.swift in Sources */ = {isa = PBXBuildFile; fileRef = 0A1E0752290587DD00599D52 /* Controllers.swift */; };
		0A1E07562906D25B00599D52 /* AbstractFactoryController.swift in Sources */ = {isa = PBXBuildFile; fileRef = 0A1E07552906D25B00599D52 /* AbstractFactoryController.swift */; };
		0A1E07582906D68F00599D52 /* Hobby.swift in Sources */ = {isa = PBXBuildFile; fileRef = 0A1E07572906D68F00599D52 /* Hobby.swift */; };
		0A1E075C2906DC3D00599D52 /* Hair.swift in Sources */ = {isa = PBXBuildFile; fileRef = 0A1E075B2906DC3D00599D52 /* Hair.swift */; };
		0A1E07602906DD8300599D52 /* AbstractFactory.swift in Sources */ = {isa = PBXBuildFile; fileRef = 0A1E075F2906DD8300599D52 /* AbstractFactory.swift */; };
		0A1E07622906E01C00599D52 /* FactoryProducer.swift in Sources */ = {isa = PBXBuildFile; fileRef = 0A1E07612906E01C00599D52 /* FactoryProducer.swift */; };
		0A1E07642906E1C700599D52 /* HobbyFactory.swift in Sources */ = {isa = PBXBuildFile; fileRef = 0A1E07632906E1C700599D52 /* HobbyFactory.swift */; };
		0A1E07662906E2CA00599D52 /* HairFactory.swift in Sources */ = {isa = PBXBuildFile; fileRef = 0A1E07652906E2CA00599D52 /* HairFactory.swift */; };
		0ACE28FB290827540077E9E5 /* Burger.swift in Sources */ = {isa = PBXBuildFile; fileRef = 0ACE28FA290827540077E9E5 /* Burger.swift */; };
		0ACE28FD2908278B0077E9E5 /* Item.swift in Sources */ = {isa = PBXBuildFile; fileRef = 0ACE28FC2908278B0077E9E5 /* Item.swift */; };
		0ACE28FF29082C4F0077E9E5 /* Packing.swift in Sources */ = {isa = PBXBuildFile; fileRef = 0ACE28FE29082C4F0077E9E5 /* Packing.swift */; };
		0ACE2903290835BA0077E9E5 /* ColdDrink.swift in Sources */ = {isa = PBXBuildFile; fileRef = 0ACE2902290835BA0077E9E5 /* ColdDrink.swift */; };
		0ACE29052908364B0077E9E5 /* Meal.swift in Sources */ = {isa = PBXBuildFile; fileRef = 0ACE29042908364B0077E9E5 /* Meal.swift */; };
		0ACE2908290981ED0077E9E5 /* MediaPlayer.swift in Sources */ = {isa = PBXBuildFile; fileRef = 0ACE2907290981ED0077E9E5 /* MediaPlayer.swift */; };
		0ACE290A290983030077E9E5 /* AdvancedMediaPlayer.swift in Sources */ = {isa = PBXBuildFile; fileRef = 0ACE2909290983030077E9E5 /* AdvancedMediaPlayer.swift */; };
		0ACE290C290986040077E9E5 /* MediaAdapter.swift in Sources */ = {isa = PBXBuildFile; fileRef = 0ACE290B290986040077E9E5 /* MediaAdapter.swift */; };
		0ACE290E290987D60077E9E5 /* AudioPlayer.swift in Sources */ = {isa = PBXBuildFile; fileRef = 0ACE290D290987D60077E9E5 /* AudioPlayer.swift */; };
		0ACE29102909893A0077E9E5 /* AdapterController.swift in Sources */ = {isa = PBXBuildFile; fileRef = 0ACE290F2909893A0077E9E5 /* AdapterController.swift */; };
		0ACE2912290ACA130077E9E5 /* VlcPlayer.swift in Sources */ = {isa = PBXBuildFile; fileRef = 0ACE2911290ACA130077E9E5 /* VlcPlayer.swift */; };
		0ACE2914290ACA310077E9E5 /* Mp4Player.swift in Sources */ = {isa = PBXBuildFile; fileRef = 0ACE2913290ACA310077E9E5 /* Mp4Player.swift */; };
		0AF627C32907E3B700275B91 /* SingletonController.swift in Sources */ = {isa = PBXBuildFile; fileRef = 0AF627C22907E3B700275B91 /* SingletonController.swift */; };
		0AF627C52907E61400275B91 /* Singleton.swift in Sources */ = {isa = PBXBuildFile; fileRef = 0AF627C42907E61400275B91 /* Singleton.swift */; };
		0AF627C82907F64000275B91 /* BuilderController.swift in Sources */ = {isa = PBXBuildFile; fileRef = 0AF627C72907F64000275B91 /* BuilderController.swift */; };
		0AF627CA29090CF700275B91 /* MealBuilder.swift in Sources */ = {isa = PBXBuildFile; fileRef = 0AF627C929090CF700275B91 /* MealBuilder.swift */; };
		0AF627CE290936B300275B91 /* PrototypeController.swift in Sources */ = {isa = PBXBuildFile; fileRef = 0AF627CD290936B300275B91 /* PrototypeController.swift */; };
		0AF627D02909437900275B91 /* Prototype.swift in Sources */ = {isa = PBXBuildFile; fileRef = 0AF627CF2909437900275B91 /* Prototype.swift */; };
/* End PBXBuildFile section */

/* Begin PBXContainerItemProxy section */
		0A1E072C29057FB600599D52 /* PBXContainerItemProxy */ = {
			isa = PBXContainerItemProxy;
			containerPortal = 0A1E070D29057FB400599D52 /* Project object */;
			proxyType = 1;
			remoteGlobalIDString = 0A1E071429057FB400599D52;
			remoteInfo = "Design Patterns";
		};
		0A1E073629057FB600599D52 /* PBXContainerItemProxy */ = {
			isa = PBXContainerItemProxy;
			containerPortal = 0A1E070D29057FB400599D52 /* Project object */;
			proxyType = 1;
			remoteGlobalIDString = 0A1E071429057FB400599D52;
			remoteInfo = "Design Patterns";
		};
/* End PBXContainerItemProxy section */

/* Begin PBXFileReference section */
		0A1E071529057FB400599D52 /* Design Patterns.app */ = {isa = PBXFileReference; explicitFileType = wrapper.application; includeInIndex = 0; path = "Design Patterns.app"; sourceTree = BUILT_PRODUCTS_DIR; };
		0A1E071829057FB400599D52 /* AppDelegate.swift */ = {isa = PBXFileReference; lastKnownFileType = sourcecode.swift; path = AppDelegate.swift; sourceTree = "<group>"; };
		0A1E071A29057FB400599D52 /* SceneDelegate.swift */ = {isa = PBXFileReference; lastKnownFileType = sourcecode.swift; path = SceneDelegate.swift; sourceTree = "<group>"; };
		0A1E071C29057FB400599D52 /* ViewController.swift */ = {isa = PBXFileReference; lastKnownFileType = sourcecode.swift; path = ViewController.swift; sourceTree = "<group>"; };
		0A1E072129057FB600599D52 /* Assets.xcassets */ = {isa = PBXFileReference; lastKnownFileType = folder.assetcatalog; path = Assets.xcassets; sourceTree = "<group>"; };
		0A1E072429057FB600599D52 /* Base */ = {isa = PBXFileReference; lastKnownFileType = file.storyboard; name = Base; path = Base.lproj/LaunchScreen.storyboard; sourceTree = "<group>"; };
		0A1E072629057FB600599D52 /* Info.plist */ = {isa = PBXFileReference; lastKnownFileType = text.plist.xml; path = Info.plist; sourceTree = "<group>"; };
		0A1E072B29057FB600599D52 /* Design PatternsTests.xctest */ = {isa = PBXFileReference; explicitFileType = wrapper.cfbundle; includeInIndex = 0; path = "Design PatternsTests.xctest"; sourceTree = BUILT_PRODUCTS_DIR; };
		0A1E072F29057FB600599D52 /* Design_PatternsTests.swift */ = {isa = PBXFileReference; lastKnownFileType = sourcecode.swift; path = Design_PatternsTests.swift; sourceTree = "<group>"; };
		0A1E073529057FB600599D52 /* Design PatternsUITests.xctest */ = {isa = PBXFileReference; explicitFileType = wrapper.cfbundle; includeInIndex = 0; path = "Design PatternsUITests.xctest"; sourceTree = BUILT_PRODUCTS_DIR; };
		0A1E073929057FB600599D52 /* Design_PatternsUITests.swift */ = {isa = PBXFileReference; lastKnownFileType = sourcecode.swift; path = Design_PatternsUITests.swift; sourceTree = "<group>"; };
		0A1E073B29057FB600599D52 /* Design_PatternsUITestsLaunchTests.swift */ = {isa = PBXFileReference; lastKnownFileType = sourcecode.swift; path = Design_PatternsUITestsLaunchTests.swift; sourceTree = "<group>"; };
		0A1E074A2905841200599D52 /* Shape.swift */ = {isa = PBXFileReference; lastKnownFileType = sourcecode.swift; path = Shape.swift; sourceTree = "<group>"; };
		0A1E074C290584EB00599D52 /* Implements.swift */ = {isa = PBXFileReference; lastKnownFileType = sourcecode.swift; path = Implements.swift; sourceTree = "<group>"; };
		0A1E074E290585A100599D52 /* ShapeFactory.swift */ = {isa = PBXFileReference; lastKnownFileType = sourcecode.swift; path = ShapeFactory.swift; sourceTree = "<group>"; };
		0A1E07502905873900599D52 /* FactoryController.swift */ = {isa = PBXFileReference; lastKnownFileType = sourcecode.swift; path = FactoryController.swift; sourceTree = "<group>"; };
		0A1E0752290587DD00599D52 /* Controllers.swift */ = {isa = PBXFileReference; lastKnownFileType = sourcecode.swift; path = Controllers.swift; sourceTree = "<group>"; };
		0A1E07552906D25B00599D52 /* AbstractFactoryController.swift */ = {isa = PBXFileReference; lastKnownFileType = sourcecode.swift; path = AbstractFactoryController.swift; sourceTree = "<group>"; };
		0A1E07572906D68F00599D52 /* Hobby.swift */ = {isa = PBXFileReference; lastKnownFileType = sourcecode.swift; path = Hobby.swift; sourceTree = "<group>"; };
		0A1E075B2906DC3D00599D52 /* Hair.swift */ = {isa = PBXFileReference; lastKnownFileType = sourcecode.swift; path = Hair.swift; sourceTree = "<group>"; };
		0A1E075F2906DD8300599D52 /* AbstractFactory.swift */ = {isa = PBXFileReference; lastKnownFileType = sourcecode.swift; path = AbstractFactory.swift; sourceTree = "<group>"; };
		0A1E07612906E01C00599D52 /* FactoryProducer.swift */ = {isa = PBXFileReference; lastKnownFileType = sourcecode.swift; path = FactoryProducer.swift; sourceTree = "<group>"; };
		0A1E07632906E1C700599D52 /* HobbyFactory.swift */ = {isa = PBXFileReference; lastKnownFileType = sourcecode.swift; path = HobbyFactory.swift; sourceTree = "<group>"; };
		0A1E07652906E2CA00599D52 /* HairFactory.swift */ = {isa = PBXFileReference; lastKnownFileType = sourcecode.swift; path = HairFactory.swift; sourceTree = "<group>"; };
		0ACE28FA290827540077E9E5 /* Burger.swift */ = {isa = PBXFileReference; lastKnownFileType = sourcecode.swift; path = Burger.swift; sourceTree = "<group>"; };
		0ACE28FC2908278B0077E9E5 /* Item.swift */ = {isa = PBXFileReference; lastKnownFileType = sourcecode.swift; path = Item.swift; sourceTree = "<group>"; };
		0ACE28FE29082C4F0077E9E5 /* Packing.swift */ = {isa = PBXFileReference; lastKnownFileType = sourcecode.swift; path = Packing.swift; sourceTree = "<group>"; };
		0ACE2902290835BA0077E9E5 /* ColdDrink.swift */ = {isa = PBXFileReference; lastKnownFileType = sourcecode.swift; path = ColdDrink.swift; sourceTree = "<group>"; };
		0ACE29042908364B0077E9E5 /* Meal.swift */ = {isa = PBXFileReference; lastKnownFileType = sourcecode.swift; path = Meal.swift; sourceTree = "<group>"; };
		0ACE2907290981ED0077E9E5 /* MediaPlayer.swift */ = {isa = PBXFileReference; lastKnownFileType = sourcecode.swift; path = MediaPlayer.swift; sourceTree = "<group>"; };
		0ACE2909290983030077E9E5 /* AdvancedMediaPlayer.swift */ = {isa = PBXFileReference; lastKnownFileType = sourcecode.swift; path = AdvancedMediaPlayer.swift; sourceTree = "<group>"; };
		0ACE290B290986040077E9E5 /* MediaAdapter.swift */ = {isa = PBXFileReference; lastKnownFileType = sourcecode.swift; path = MediaAdapter.swift; sourceTree = "<group>"; };
		0ACE290D290987D60077E9E5 /* AudioPlayer.swift */ = {isa = PBXFileReference; lastKnownFileType = sourcecode.swift; path = AudioPlayer.swift; sourceTree = "<group>"; };
		0ACE290F2909893A0077E9E5 /* AdapterController.swift */ = {isa = PBXFileReference; lastKnownFileType = sourcecode.swift; path = AdapterController.swift; sourceTree = "<group>"; };
		0ACE2911290ACA130077E9E5 /* VlcPlayer.swift */ = {isa = PBXFileReference; lastKnownFileType = sourcecode.swift; path = VlcPlayer.swift; sourceTree = "<group>"; };
		0ACE2913290ACA310077E9E5 /* Mp4Player.swift */ = {isa = PBXFileReference; lastKnownFileType = sourcecode.swift; path = Mp4Player.swift; sourceTree = "<group>"; };
		0AF627C22907E3B700275B91 /* SingletonController.swift */ = {isa = PBXFileReference; lastKnownFileType = sourcecode.swift; path = SingletonController.swift; sourceTree = "<group>"; };
		0AF627C42907E61400275B91 /* Singleton.swift */ = {isa = PBXFileReference; lastKnownFileType = sourcecode.swift; path = Singleton.swift; sourceTree = "<group>"; };
		0AF627C72907F64000275B91 /* BuilderController.swift */ = {isa = PBXFileReference; lastKnownFileType = sourcecode.swift; path = BuilderController.swift; sourceTree = "<group>"; };
		0AF627C929090CF700275B91 /* MealBuilder.swift */ = {isa = PBXFileReference; lastKnownFileType = sourcecode.swift; path = MealBuilder.swift; sourceTree = "<group>"; };
		0AF627CD290936B300275B91 /* PrototypeController.swift */ = {isa = PBXFileReference; lastKnownFileType = sourcecode.swift; path = PrototypeController.swift; sourceTree = "<group>"; };
		0AF627CF2909437900275B91 /* Prototype.swift */ = {isa = PBXFileReference; lastKnownFileType = sourcecode.swift; path = Prototype.swift; sourceTree = "<group>"; };
/* End PBXFileReference section */

/* Begin PBXFrameworksBuildPhase section */
		0A1E071229057FB400599D52 /* Frameworks */ = {
			isa = PBXFrameworksBuildPhase;
			buildActionMask = 2147483647;
			files = (
			);
			runOnlyForDeploymentPostprocessing = 0;
		};
		0A1E072829057FB600599D52 /* Frameworks */ = {
			isa = PBXFrameworksBuildPhase;
			buildActionMask = 2147483647;
			files = (
			);
			runOnlyForDeploymentPostprocessing = 0;
		};
		0A1E073229057FB600599D52 /* Frameworks */ = {
			isa = PBXFrameworksBuildPhase;
			buildActionMask = 2147483647;
			files = (
			);
			runOnlyForDeploymentPostprocessing = 0;
		};
/* End PBXFrameworksBuildPhase section */

/* Begin PBXGroup section */
		0A1E070C29057FB400599D52 = {
			isa = PBXGroup;
			children = (
				0A1E071729057FB400599D52 /* Design Patterns */,
				0A1E072E29057FB600599D52 /* Design PatternsTests */,
				0A1E073829057FB600599D52 /* Design PatternsUITests */,
				0A1E071629057FB400599D52 /* Products */,
			);
			sourceTree = "<group>";
		};
		0A1E071629057FB400599D52 /* Products */ = {
			isa = PBXGroup;
			children = (
				0A1E071529057FB400599D52 /* Design Patterns.app */,
				0A1E072B29057FB600599D52 /* Design PatternsTests.xctest */,
				0A1E073529057FB600599D52 /* Design PatternsUITests.xctest */,
			);
			name = Products;
			sourceTree = "<group>";
		};
		0A1E071729057FB400599D52 /* Design Patterns */ = {
			isa = PBXGroup;
			children = (
				0A1E0748290583BD00599D52 /* Core */,
				0AF627CB290933A600275B91 /* Controllers */,
				0A1E071829057FB400599D52 /* AppDelegate.swift */,
				0A1E071A29057FB400599D52 /* SceneDelegate.swift */,
				0A1E072129057FB600599D52 /* Assets.xcassets */,
				0A1E072329057FB600599D52 /* LaunchScreen.storyboard */,
				0A1E072629057FB600599D52 /* Info.plist */,
			);
			path = "Design Patterns";
			sourceTree = "<group>";
		};
		0A1E072E29057FB600599D52 /* Design PatternsTests */ = {
			isa = PBXGroup;
			children = (
				0A1E072F29057FB600599D52 /* Design_PatternsTests.swift */,
			);
			path = "Design PatternsTests";
			sourceTree = "<group>";
		};
		0A1E073829057FB600599D52 /* Design PatternsUITests */ = {
			isa = PBXGroup;
			children = (
				0A1E073929057FB600599D52 /* Design_PatternsUITests.swift */,
				0A1E073B29057FB600599D52 /* Design_PatternsUITestsLaunchTests.swift */,
			);
			path = "Design PatternsUITests";
			sourceTree = "<group>";
		};
		0A1E0748290583BD00599D52 /* Core */ = {
			isa = PBXGroup;
			children = (
				0A1E0749290583DC00599D52 /* Factory */,
				0A1E07542906D24100599D52 /* AbstractFactory */,
				0AF627C12907E38600275B91 /* Singleton */,
				0AF627C62907F62300275B91 /* Builder */,
				0AF627CC2909366D00275B91 /* Prototype */,
				0ACE290629097C1E0077E9E5 /* Adapter */,
			);
			path = Core;
			sourceTree = "<group>";
		};
		0A1E0749290583DC00599D52 /* Factory */ = {
			isa = PBXGroup;
			children = (
				0A1E074A2905841200599D52 /* Shape.swift */,
				0A1E074C290584EB00599D52 /* Implements.swift */,
				0A1E074E290585A100599D52 /* ShapeFactory.swift */,
			);
			path = Factory;
			sourceTree = "<group>";
		};
		0A1E07542906D24100599D52 /* AbstractFactory */ = {
			isa = PBXGroup;
			children = (
				0A1E07572906D68F00599D52 /* Hobby.swift */,
				0A1E075B2906DC3D00599D52 /* Hair.swift */,
				0A1E075F2906DD8300599D52 /* AbstractFactory.swift */,
				0A1E07632906E1C700599D52 /* HobbyFactory.swift */,
				0A1E07652906E2CA00599D52 /* HairFactory.swift */,
				0A1E07612906E01C00599D52 /* FactoryProducer.swift */,
			);
			path = AbstractFactory;
			sourceTree = "<group>";
		};
		0ACE290629097C1E0077E9E5 /* Adapter */ = {
			isa = PBXGroup;
			children = (
				0ACE2907290981ED0077E9E5 /* MediaPlayer.swift */,
				0ACE2909290983030077E9E5 /* AdvancedMediaPlayer.swift */,
				0ACE2911290ACA130077E9E5 /* VlcPlayer.swift */,
				0ACE2913290ACA310077E9E5 /* Mp4Player.swift */,
				0ACE290B290986040077E9E5 /* MediaAdapter.swift */,
				0ACE290D290987D60077E9E5 /* AudioPlayer.swift */,
			);
			path = Adapter;
			sourceTree = "<group>";
		};
		0AF627C12907E38600275B91 /* Singleton */ = {
			isa = PBXGroup;
			children = (
				0AF627C42907E61400275B91 /* Singleton.swift */,
			);
			path = Singleton;
			sourceTree = "<group>";
		};
		0AF627C62907F62300275B91 /* Builder */ = {
			isa = PBXGroup;
			children = (
				0ACE28FC2908278B0077E9E5 /* Item.swift */,
				0ACE28FE29082C4F0077E9E5 /* Packing.swift */,
				0ACE28FA290827540077E9E5 /* Burger.swift */,
				0ACE2902290835BA0077E9E5 /* ColdDrink.swift */,
				0ACE29042908364B0077E9E5 /* Meal.swift */,
				0AF627C929090CF700275B91 /* MealBuilder.swift */,
			);
			path = Builder;
			sourceTree = "<group>";
		};
		0AF627CB290933A600275B91 /* Controllers */ = {
			isa = PBXGroup;
			children = (
				0A1E071C29057FB400599D52 /* ViewController.swift */,
				0A1E0752290587DD00599D52 /* Controllers.swift */,
				0A1E07502905873900599D52 /* FactoryController.swift */,
				0A1E07552906D25B00599D52 /* AbstractFactoryController.swift */,
				0AF627C22907E3B700275B91 /* SingletonController.swift */,
				0AF627C72907F64000275B91 /* BuilderController.swift */,
				0AF627CD290936B300275B91 /* PrototypeController.swift */,
				0ACE290F2909893A0077E9E5 /* AdapterController.swift */,
			);
			path = Controllers;
			sourceTree = "<group>";
		};
		0AF627CC2909366D00275B91 /* Prototype */ = {
			isa = PBXGroup;
			children = (
				0AF627CF2909437900275B91 /* Prototype.swift */,
			);
			path = Prototype;
			sourceTree = "<group>";
		};
/* End PBXGroup section */

/* Begin PBXNativeTarget section */
		0A1E071429057FB400599D52 /* Design Patterns */ = {
			isa = PBXNativeTarget;
			buildConfigurationList = 0A1E073F29057FB600599D52 /* Build configuration list for PBXNativeTarget "Design Patterns" */;
			buildPhases = (
				0A1E071129057FB400599D52 /* Sources */,
				0A1E071229057FB400599D52 /* Frameworks */,
				0A1E071329057FB400599D52 /* Resources */,
			);
			buildRules = (
			);
			dependencies = (
			);
			name = "Design Patterns";
			productName = "Design Patterns";
			productReference = 0A1E071529057FB400599D52 /* Design Patterns.app */;
			productType = "com.apple.product-type.application";
		};
		0A1E072A29057FB600599D52 /* Design PatternsTests */ = {
			isa = PBXNativeTarget;
			buildConfigurationList = 0A1E074229057FB600599D52 /* Build configuration list for PBXNativeTarget "Design PatternsTests" */;
			buildPhases = (
				0A1E072729057FB600599D52 /* Sources */,
				0A1E072829057FB600599D52 /* Frameworks */,
				0A1E072929057FB600599D52 /* Resources */,
			);
			buildRules = (
			);
			dependencies = (
				0A1E072D29057FB600599D52 /* PBXTargetDependency */,
			);
			name = "Design PatternsTests";
			productName = "Design PatternsTests";
			productReference = 0A1E072B29057FB600599D52 /* Design PatternsTests.xctest */;
			productType = "com.apple.product-type.bundle.unit-test";
		};
		0A1E073429057FB600599D52 /* Design PatternsUITests */ = {
			isa = PBXNativeTarget;
			buildConfigurationList = 0A1E074529057FB600599D52 /* Build configuration list for PBXNativeTarget "Design PatternsUITests" */;
			buildPhases = (
				0A1E073129057FB600599D52 /* Sources */,
				0A1E073229057FB600599D52 /* Frameworks */,
				0A1E073329057FB600599D52 /* Resources */,
			);
			buildRules = (
			);
			dependencies = (
				0A1E073729057FB600599D52 /* PBXTargetDependency */,
			);
			name = "Design PatternsUITests";
			productName = "Design PatternsUITests";
			productReference = 0A1E073529057FB600599D52 /* Design PatternsUITests.xctest */;
			productType = "com.apple.product-type.bundle.ui-testing";
		};
/* End PBXNativeTarget section */

/* Begin PBXProject section */
		0A1E070D29057FB400599D52 /* Project object */ = {
			isa = PBXProject;
			attributes = {
				BuildIndependentTargetsInParallel = 1;
				LastSwiftUpdateCheck = 1400;
				LastUpgradeCheck = 1400;
				TargetAttributes = {
					0A1E071429057FB400599D52 = {
						CreatedOnToolsVersion = 14.0.1;
					};
					0A1E072A29057FB600599D52 = {
						CreatedOnToolsVersion = 14.0.1;
						TestTargetID = 0A1E071429057FB400599D52;
					};
					0A1E073429057FB600599D52 = {
						CreatedOnToolsVersion = 14.0.1;
						TestTargetID = 0A1E071429057FB400599D52;
					};
				};
			};
			buildConfigurationList = 0A1E071029057FB400599D52 /* Build configuration list for PBXProject "Design Patterns" */;
			compatibilityVersion = "Xcode 14.0";
			developmentRegion = en;
			hasScannedForEncodings = 0;
			knownRegions = (
				en,
				Base,
			);
			mainGroup = 0A1E070C29057FB400599D52;
			productRefGroup = 0A1E071629057FB400599D52 /* Products */;
			projectDirPath = "";
			projectRoot = "";
			targets = (
				0A1E071429057FB400599D52 /* Design Patterns */,
				0A1E072A29057FB600599D52 /* Design PatternsTests */,
				0A1E073429057FB600599D52 /* Design PatternsUITests */,
			);
		};
/* End PBXProject section */

/* Begin PBXResourcesBuildPhase section */
		0A1E071329057FB400599D52 /* Resources */ = {
			isa = PBXResourcesBuildPhase;
			buildActionMask = 2147483647;
			files = (
				0A1E072529057FB600599D52 /* LaunchScreen.storyboard in Resources */,
				0A1E072229057FB600599D52 /* Assets.xcassets in Resources */,
			);
			runOnlyForDeploymentPostprocessing = 0;
		};
		0A1E072929057FB600599D52 /* Resources */ = {
			isa = PBXResourcesBuildPhase;
			buildActionMask = 2147483647;
			files = (
			);
			runOnlyForDeploymentPostprocessing = 0;
		};
		0A1E073329057FB600599D52 /* Resources */ = {
			isa = PBXResourcesBuildPhase;
			buildActionMask = 2147483647;
			files = (
			);
			runOnlyForDeploymentPostprocessing = 0;
		};
/* End PBXResourcesBuildPhase section */

/* Begin PBXSourcesBuildPhase section */
		0A1E071129057FB400599D52 /* Sources */ = {
			isa = PBXSourcesBuildPhase;
			buildActionMask = 2147483647;
			files = (
				0ACE28FB290827540077E9E5 /* Burger.swift in Sources */,
				0ACE29102909893A0077E9E5 /* AdapterController.swift in Sources */,
				0A1E07512905873900599D52 /* FactoryController.swift in Sources */,
				0A1E074F290585A100599D52 /* ShapeFactory.swift in Sources */,
				0ACE2903290835BA0077E9E5 /* ColdDrink.swift in Sources */,
				0AF627CE290936B300275B91 /* PrototypeController.swift in Sources */,
				0AF627C52907E61400275B91 /* Singleton.swift in Sources */,
				0ACE29052908364B0077E9E5 /* Meal.swift in Sources */,
				0ACE290A290983030077E9E5 /* AdvancedMediaPlayer.swift in Sources */,
				0AF627CA29090CF700275B91 /* MealBuilder.swift in Sources */,
				0A1E071D29057FB400599D52 /* ViewController.swift in Sources */,
				0ACE290C290986040077E9E5 /* MediaAdapter.swift in Sources */,
				0ACE28FD2908278B0077E9E5 /* Item.swift in Sources */,
				0ACE28FF29082C4F0077E9E5 /* Packing.swift in Sources */,
				0A1E07562906D25B00599D52 /* AbstractFactoryController.swift in Sources */,
				0A1E07622906E01C00599D52 /* FactoryProducer.swift in Sources */,
				0A1E07602906DD8300599D52 /* AbstractFactory.swift in Sources */,
				0A1E0753290587DD00599D52 /* Controllers.swift in Sources */,
				0ACE290E290987D60077E9E5 /* AudioPlayer.swift in Sources */,
				0AF627C32907E3B700275B91 /* SingletonController.swift in Sources */,
				0A1E07642906E1C700599D52 /* HobbyFactory.swift in Sources */,
				0ACE2908290981ED0077E9E5 /* MediaPlayer.swift in Sources */,
				0A1E07662906E2CA00599D52 /* HairFactory.swift in Sources */,
				0AF627D02909437900275B91 /* Prototype.swift in Sources */,
				0ACE2914290ACA310077E9E5 /* Mp4Player.swift in Sources */,
				0A1E071929057FB400599D52 /* AppDelegate.swift in Sources */,
				0A1E075C2906DC3D00599D52 /* Hair.swift in Sources */,
				0A1E07582906D68F00599D52 /* Hobby.swift in Sources */,
				0A1E074D290584EB00599D52 /* Implements.swift in Sources */,
				0ACE2912290ACA130077E9E5 /* VlcPlayer.swift in Sources */,
				0AF627C82907F64000275B91 /* BuilderController.swift in Sources */,
				0A1E071B29057FB400599D52 /* SceneDelegate.swift in Sources */,
				0A1E074B2905841200599D52 /* Shape.swift in Sources */,
			);
			runOnlyForDeploymentPostprocessing = 0;
		};
		0A1E072729057FB600599D52 /* Sources */ = {
			isa = PBXSourcesBuildPhase;
			buildActionMask = 2147483647;
			files = (
				0A1E073029057FB600599D52 /* Design_PatternsTests.swift in Sources */,
			);
			runOnlyForDeploymentPostprocessing = 0;
		};
		0A1E073129057FB600599D52 /* Sources */ = {
			isa = PBXSourcesBuildPhase;
			buildActionMask = 2147483647;
			files = (
				0A1E073A29057FB600599D52 /* Design_PatternsUITests.swift in Sources */,
				0A1E073C29057FB600599D52 /* Design_PatternsUITestsLaunchTests.swift in Sources */,
			);
			runOnlyForDeploymentPostprocessing = 0;
		};
/* End PBXSourcesBuildPhase section */

/* Begin PBXTargetDependency section */
		0A1E072D29057FB600599D52 /* PBXTargetDependency */ = {
			isa = PBXTargetDependency;
			target = 0A1E071429057FB400599D52 /* Design Patterns */;
			targetProxy = 0A1E072C29057FB600599D52 /* PBXContainerItemProxy */;
		};
		0A1E073729057FB600599D52 /* PBXTargetDependency */ = {
			isa = PBXTargetDependency;
			target = 0A1E071429057FB400599D52 /* Design Patterns */;
			targetProxy = 0A1E073629057FB600599D52 /* PBXContainerItemProxy */;
		};
/* End PBXTargetDependency section */

/* Begin PBXVariantGroup section */
		0A1E072329057FB600599D52 /* LaunchScreen.storyboard */ = {
			isa = PBXVariantGroup;
			children = (
				0A1E072429057FB600599D52 /* Base */,
			);
			name = LaunchScreen.storyboard;
			sourceTree = "<group>";
		};
/* End PBXVariantGroup section */

/* Begin XCBuildConfiguration section */
		0A1E073D29057FB600599D52 /* Debug */ = {
			isa = XCBuildConfiguration;
			buildSettings = {
				ALWAYS_SEARCH_USER_PATHS = NO;
				CLANG_ANALYZER_NONNULL = YES;
				CLANG_ANALYZER_NUMBER_OBJECT_CONVERSION = YES_AGGRESSIVE;
				CLANG_CXX_LANGUAGE_STANDARD = "gnu++20";
				CLANG_ENABLE_MODULES = YES;
				CLANG_ENABLE_OBJC_ARC = YES;
				CLANG_ENABLE_OBJC_WEAK = YES;
				CLANG_WARN_BLOCK_CAPTURE_AUTORELEASING = YES;
				CLANG_WARN_BOOL_CONVERSION = YES;
				CLANG_WARN_COMMA = YES;
				CLANG_WARN_CONSTANT_CONVERSION = YES;
				CLANG_WARN_DEPRECATED_OBJC_IMPLEMENTATIONS = YES;
				CLANG_WARN_DIRECT_OBJC_ISA_USAGE = YES_ERROR;
				CLANG_WARN_DOCUMENTATION_COMMENTS = YES;
				CLANG_WARN_EMPTY_BODY = YES;
				CLANG_WARN_ENUM_CONVERSION = YES;
				CLANG_WARN_INFINITE_RECURSION = YES;
				CLANG_WARN_INT_CONVERSION = YES;
				CLANG_WARN_NON_LITERAL_NULL_CONVERSION = YES;
				CLANG_WARN_OBJC_IMPLICIT_RETAIN_SELF = YES;
				CLANG_WARN_OBJC_LITERAL_CONVERSION = YES;
				CLANG_WARN_OBJC_ROOT_CLASS = YES_ERROR;
				CLANG_WARN_QUOTED_INCLUDE_IN_FRAMEWORK_HEADER = YES;
				CLANG_WARN_RANGE_LOOP_ANALYSIS = YES;
				CLANG_WARN_STRICT_PROTOTYPES = YES;
				CLANG_WARN_SUSPICIOUS_MOVE = YES;
				CLANG_WARN_UNGUARDED_AVAILABILITY = YES_AGGRESSIVE;
				CLANG_WARN_UNREACHABLE_CODE = YES;
				CLANG_WARN__DUPLICATE_METHOD_MATCH = YES;
				COPY_PHASE_STRIP = NO;
				DEBUG_INFORMATION_FORMAT = dwarf;
				ENABLE_STRICT_OBJC_MSGSEND = YES;
				ENABLE_TESTABILITY = YES;
				GCC_C_LANGUAGE_STANDARD = gnu11;
				GCC_DYNAMIC_NO_PIC = NO;
				GCC_NO_COMMON_BLOCKS = YES;
				GCC_OPTIMIZATION_LEVEL = 0;
				GCC_PREPROCESSOR_DEFINITIONS = (
					"DEBUG=1",
					"$(inherited)",
				);
				GCC_WARN_64_TO_32_BIT_CONVERSION = YES;
				GCC_WARN_ABOUT_RETURN_TYPE = YES_ERROR;
				GCC_WARN_UNDECLARED_SELECTOR = YES;
				GCC_WARN_UNINITIALIZED_AUTOS = YES_AGGRESSIVE;
				GCC_WARN_UNUSED_FUNCTION = YES;
				GCC_WARN_UNUSED_VARIABLE = YES;
				IPHONEOS_DEPLOYMENT_TARGET = 16.0;
				MTL_ENABLE_DEBUG_INFO = INCLUDE_SOURCE;
				MTL_FAST_MATH = YES;
				ONLY_ACTIVE_ARCH = YES;
				SDKROOT = iphoneos;
				SWIFT_ACTIVE_COMPILATION_CONDITIONS = DEBUG;
				SWIFT_OPTIMIZATION_LEVEL = "-Onone";
			};
			name = Debug;
		};
		0A1E073E29057FB600599D52 /* Release */ = {
			isa = XCBuildConfiguration;
			buildSettings = {
				ALWAYS_SEARCH_USER_PATHS = NO;
				CLANG_ANALYZER_NONNULL = YES;
				CLANG_ANALYZER_NUMBER_OBJECT_CONVERSION = YES_AGGRESSIVE;
				CLANG_CXX_LANGUAGE_STANDARD = "gnu++20";
				CLANG_ENABLE_MODULES = YES;
				CLANG_ENABLE_OBJC_ARC = YES;
				CLANG_ENABLE_OBJC_WEAK = YES;
				CLANG_WARN_BLOCK_CAPTURE_AUTORELEASING = YES;
				CLANG_WARN_BOOL_CONVERSION = YES;
				CLANG_WARN_COMMA = YES;
				CLANG_WARN_CONSTANT_CONVERSION = YES;
				CLANG_WARN_DEPRECATED_OBJC_IMPLEMENTATIONS = YES;
				CLANG_WARN_DIRECT_OBJC_ISA_USAGE = YES_ERROR;
				CLANG_WARN_DOCUMENTATION_COMMENTS = YES;
				CLANG_WARN_EMPTY_BODY = YES;
				CLANG_WARN_ENUM_CONVERSION = YES;
				CLANG_WARN_INFINITE_RECURSION = YES;
				CLANG_WARN_INT_CONVERSION = YES;
				CLANG_WARN_NON_LITERAL_NULL_CONVERSION = YES;
				CLANG_WARN_OBJC_IMPLICIT_RETAIN_SELF = YES;
				CLANG_WARN_OBJC_LITERAL_CONVERSION = YES;
				CLANG_WARN_OBJC_ROOT_CLASS = YES_ERROR;
				CLANG_WARN_QUOTED_INCLUDE_IN_FRAMEWORK_HEADER = YES;
				CLANG_WARN_RANGE_LOOP_ANALYSIS = YES;
				CLANG_WARN_STRICT_PROTOTYPES = YES;
				CLANG_WARN_SUSPICIOUS_MOVE = YES;
				CLANG_WARN_UNGUARDED_AVAILABILITY = YES_AGGRESSIVE;
				CLANG_WARN_UNREACHABLE_CODE = YES;
				CLANG_WARN__DUPLICATE_METHOD_MATCH = YES;
				COPY_PHASE_STRIP = NO;
				DEBUG_INFORMATION_FORMAT = "dwarf-with-dsym";
				ENABLE_NS_ASSERTIONS = NO;
				ENABLE_STRICT_OBJC_MSGSEND = YES;
				GCC_C_LANGUAGE_STANDARD = gnu11;
				GCC_NO_COMMON_BLOCKS = YES;
				GCC_WARN_64_TO_32_BIT_CONVERSION = YES;
				GCC_WARN_ABOUT_RETURN_TYPE = YES_ERROR;
				GCC_WARN_UNDECLARED_SELECTOR = YES;
				GCC_WARN_UNINITIALIZED_AUTOS = YES_AGGRESSIVE;
				GCC_WARN_UNUSED_FUNCTION = YES;
				GCC_WARN_UNUSED_VARIABLE = YES;
				IPHONEOS_DEPLOYMENT_TARGET = 16.0;
				MTL_ENABLE_DEBUG_INFO = NO;
				MTL_FAST_MATH = YES;
				SDKROOT = iphoneos;
				SWIFT_COMPILATION_MODE = wholemodule;
				SWIFT_OPTIMIZATION_LEVEL = "-O";
				VALIDATE_PRODUCT = YES;
			};
			name = Release;
		};
		0A1E074029057FB600599D52 /* Debug */ = {
			isa = XCBuildConfiguration;
			buildSettings = {
				ASSETCATALOG_COMPILER_APPICON_NAME = AppIcon;
				ASSETCATALOG_COMPILER_GLOBAL_ACCENT_COLOR_NAME = AccentColor;
				CODE_SIGN_STYLE = Automatic;
				CURRENT_PROJECT_VERSION = 1;
				DEVELOPMENT_TEAM = DYE6ZRB6MM;
				GENERATE_INFOPLIST_FILE = YES;
				INFOPLIST_FILE = "Design Patterns/Info.plist";
				INFOPLIST_KEY_UIApplicationSupportsIndirectInputEvents = YES;
				INFOPLIST_KEY_UILaunchStoryboardName = LaunchScreen;
				INFOPLIST_KEY_UISupportedInterfaceOrientations_iPad = "UIInterfaceOrientationPortrait UIInterfaceOrientationPortraitUpsideDown UIInterfaceOrientationLandscapeLeft UIInterfaceOrientationLandscapeRight";
				INFOPLIST_KEY_UISupportedInterfaceOrientations_iPhone = "UIInterfaceOrientationPortrait UIInterfaceOrientationLandscapeLeft UIInterfaceOrientationLandscapeRight";
				LD_RUNPATH_SEARCH_PATHS = (
					"$(inherited)",
					"@executable_path/Frameworks",
				);
				MARKETING_VERSION = 1.0;
				PRODUCT_BUNDLE_IDENTIFIER = "tech.xurong.Design-Patterns";
				PRODUCT_NAME = "$(TARGET_NAME)";
				SWIFT_EMIT_LOC_STRINGS = YES;
				SWIFT_VERSION = 5.0;
				TARGETED_DEVICE_FAMILY = "1,2";
			};
			name = Debug;
		};
		0A1E074129057FB600599D52 /* Release */ = {
			isa = XCBuildConfiguration;
			buildSettings = {
				ASSETCATALOG_COMPILER_APPICON_NAME = AppIcon;
				ASSETCATALOG_COMPILER_GLOBAL_ACCENT_COLOR_NAME = AccentColor;
				CODE_SIGN_STYLE = Automatic;
				CURRENT_PROJECT_VERSION = 1;
				DEVELOPMENT_TEAM = DYE6ZRB6MM;
				GENERATE_INFOPLIST_FILE = YES;
				INFOPLIST_FILE = "Design Patterns/Info.plist";
				INFOPLIST_KEY_UIApplicationSupportsIndirectInputEvents = YES;
				INFOPLIST_KEY_UILaunchStoryboardName = LaunchScreen;
				INFOPLIST_KEY_UISupportedInterfaceOrientations_iPad = "UIInterfaceOrientationPortrait UIInterfaceOrientationPortraitUpsideDown UIInterfaceOrientationLandscapeLeft UIInterfaceOrientationLandscapeRight";
				INFOPLIST_KEY_UISupportedInterfaceOrientations_iPhone = "UIInterfaceOrientationPortrait UIInterfaceOrientationLandscapeLeft UIInterfaceOrientationLandscapeRight";
				LD_RUNPATH_SEARCH_PATHS = (
					"$(inherited)",
					"@executable_path/Frameworks",
				);
				MARKETING_VERSION = 1.0;
				PRODUCT_BUNDLE_IDENTIFIER = "tech.xurong.Design-Patterns";
				PRODUCT_NAME = "$(TARGET_NAME)";
				SWIFT_EMIT_LOC_STRINGS = YES;
				SWIFT_VERSION = 5.0;
				TARGETED_DEVICE_FAMILY = "1,2";
			};
			name = Release;
		};
		0A1E074329057FB600599D52 /* Debug */ = {
			isa = XCBuildConfiguration;
			buildSettings = {
				ALWAYS_EMBED_SWIFT_STANDARD_LIBRARIES = YES;
				BUNDLE_LOADER = "$(TEST_HOST)";
				CODE_SIGN_STYLE = Automatic;
				CURRENT_PROJECT_VERSION = 1;
				DEVELOPMENT_TEAM = DYE6ZRB6MM;
				GENERATE_INFOPLIST_FILE = YES;
				IPHONEOS_DEPLOYMENT_TARGET = 16.0;
				MARKETING_VERSION = 1.0;
				PRODUCT_BUNDLE_IDENTIFIER = "tech.xurong.Design-PatternsTests";
				PRODUCT_NAME = "$(TARGET_NAME)";
				SWIFT_EMIT_LOC_STRINGS = NO;
				SWIFT_VERSION = 5.0;
				TARGETED_DEVICE_FAMILY = "1,2";
				TEST_HOST = "$(BUILT_PRODUCTS_DIR)/Design Patterns.app/$(BUNDLE_EXECUTABLE_FOLDER_PATH)/Design Patterns";
			};
			name = Debug;
		};
		0A1E074429057FB600599D52 /* Release */ = {
			isa = XCBuildConfiguration;
			buildSettings = {
				ALWAYS_EMBED_SWIFT_STANDARD_LIBRARIES = YES;
				BUNDLE_LOADER = "$(TEST_HOST)";
				CODE_SIGN_STYLE = Automatic;
				CURRENT_PROJECT_VERSION = 1;
				DEVELOPMENT_TEAM = DYE6ZRB6MM;
				GENERATE_INFOPLIST_FILE = YES;
				IPHONEOS_DEPLOYMENT_TARGET = 16.0;
				MARKETING_VERSION = 1.0;
				PRODUCT_BUNDLE_IDENTIFIER = "tech.xurong.Design-PatternsTests";
				PRODUCT_NAME = "$(TARGET_NAME)";
				SWIFT_EMIT_LOC_STRINGS = NO;
				SWIFT_VERSION = 5.0;
				TARGETED_DEVICE_FAMILY = "1,2";
				TEST_HOST = "$(BUILT_PRODUCTS_DIR)/Design Patterns.app/$(BUNDLE_EXECUTABLE_FOLDER_PATH)/Design Patterns";
			};
			name = Release;
		};
		0A1E074629057FB600599D52 /* Debug */ = {
			isa = XCBuildConfiguration;
			buildSettings = {
				ALWAYS_EMBED_SWIFT_STANDARD_LIBRARIES = YES;
				CODE_SIGN_STYLE = Automatic;
				CURRENT_PROJECT_VERSION = 1;
				DEVELOPMENT_TEAM = DYE6ZRB6MM;
				GENERATE_INFOPLIST_FILE = YES;
				MARKETING_VERSION = 1.0;
				PRODUCT_BUNDLE_IDENTIFIER = "tech.xurong.Design-PatternsUITests";
				PRODUCT_NAME = "$(TARGET_NAME)";
				SWIFT_EMIT_LOC_STRINGS = NO;
				SWIFT_VERSION = 5.0;
				TARGETED_DEVICE_FAMILY = "1,2";
				TEST_TARGET_NAME = "Design Patterns";
			};
			name = Debug;
		};
		0A1E074729057FB600599D52 /* Release */ = {
			isa = XCBuildConfiguration;
			buildSettings = {
				ALWAYS_EMBED_SWIFT_STANDARD_LIBRARIES = YES;
				CODE_SIGN_STYLE = Automatic;
				CURRENT_PROJECT_VERSION = 1;
				DEVELOPMENT_TEAM = DYE6ZRB6MM;
				GENERATE_INFOPLIST_FILE = YES;
				MARKETING_VERSION = 1.0;
				PRODUCT_BUNDLE_IDENTIFIER = "tech.xurong.Design-PatternsUITests";
				PRODUCT_NAME = "$(TARGET_NAME)";
				SWIFT_EMIT_LOC_STRINGS = NO;
				SWIFT_VERSION = 5.0;
				TARGETED_DEVICE_FAMILY = "1,2";
				TEST_TARGET_NAME = "Design Patterns";
			};
			name = Release;
		};
/* End XCBuildConfiguration section */

/* Begin XCConfigurationList section */
		0A1E071029057FB400599D52 /* Build configuration list for PBXProject "Design Patterns" */ = {
			isa = XCConfigurationList;
			buildConfigurations = (
				0A1E073D29057FB600599D52 /* Debug */,
				0A1E073E29057FB600599D52 /* Release */,
			);
			defaultConfigurationIsVisible = 0;
			defaultConfigurationName = Release;
		};
		0A1E073F29057FB600599D52 /* Build configuration list for PBXNativeTarget "Design Patterns" */ = {
			isa = XCConfigurationList;
			buildConfigurations = (
				0A1E074029057FB600599D52 /* Debug */,
				0A1E074129057FB600599D52 /* Release */,
			);
			defaultConfigurationIsVisible = 0;
			defaultConfigurationName = Release;
		};
		0A1E074229057FB600599D52 /* Build configuration list for PBXNativeTarget "Design PatternsTests" */ = {
			isa = XCConfigurationList;
			buildConfigurations = (
				0A1E074329057FB600599D52 /* Debug */,
				0A1E074429057FB600599D52 /* Release */,
			);
			defaultConfigurationIsVisible = 0;
			defaultConfigurationName = Release;
		};
		0A1E074529057FB600599D52 /* Build configuration list for PBXNativeTarget "Design PatternsUITests" */ = {
			isa = XCConfigurationList;
			buildConfigurations = (
				0A1E074629057FB600599D52 /* Debug */,
				0A1E074729057FB600599D52 /* Release */,
			);
			defaultConfigurationIsVisible = 0;
			defaultConfigurationName = Release;
		};
/* End XCConfigurationList section */
	};
	rootObject = 0A1E070D29057FB400599D52 /* Project object */;
}
